// !$*UTF8*$!
{
	archiveVersion = 1;
	classes = {
	};
	objectVersion = 46;
	objects = {

/* Begin PBXBuildFile section */
		5719C3C11C2796D700887F76 /* NSObjectPropertyExtension.swift in Sources */ = {isa = PBXBuildFile; fileRef = 5719C3C01C2796D700887F76 /* NSObjectPropertyExtension.swift */; };
		572DE4251C228CCA0065AD11 /* Pos8583Factory.swift in Sources */ = {isa = PBXBuildFile; fileRef = 572DE4241C228CCA0065AD11 /* Pos8583Factory.swift */; };
		572DE4271C22909A0065AD11 /* StringPropertyExtension.swift in Sources */ = {isa = PBXBuildFile; fileRef = 572DE4261C22909A0065AD11 /* StringPropertyExtension.swift */; };
		572DE42B1C22AA5B0065AD11 /* POSMessage.swift in Sources */ = {isa = PBXBuildFile; fileRef = 572DE42A1C22AA5B0065AD11 /* POSMessage.swift */; };
		577563A01C1FC076006B60ED /* AppDelegate.swift in Sources */ = {isa = PBXBuildFile; fileRef = 5775639F1C1FC076006B60ED /* AppDelegate.swift */; };
		577563A21C1FC076006B60ED /* ViewController.swift in Sources */ = {isa = PBXBuildFile; fileRef = 577563A11C1FC076006B60ED /* ViewController.swift */; };
		577563A51C1FC076006B60ED /* Main.storyboard in Resources */ = {isa = PBXBuildFile; fileRef = 577563A31C1FC076006B60ED /* Main.storyboard */; };
		577563A71C1FC076006B60ED /* Assets.xcassets in Resources */ = {isa = PBXBuildFile; fileRef = 577563A61C1FC076006B60ED /* Assets.xcassets */; };
		577563AA1C1FC076006B60ED /* LaunchScreen.storyboard in Resources */ = {isa = PBXBuildFile; fileRef = 577563A81C1FC076006B60ED /* LaunchScreen.storyboard */; };
		577563B51C1FC076006B60ED /* SwiftPOSTests.swift in Sources */ = {isa = PBXBuildFile; fileRef = 577563B41C1FC076006B60ED /* SwiftPOSTests.swift */; };
		577563C01C1FC077006B60ED /* SwiftPOSUITests.swift in Sources */ = {isa = PBXBuildFile; fileRef = 577563BF1C1FC077006B60ED /* SwiftPOSUITests.swift */; };
		57A60BB51C2111DE003092D8 /* StringPosUtilTransExtension.swift in Sources */ = {isa = PBXBuildFile; fileRef = 57A60BB41C2111DE003092D8 /* StringPosUtilTransExtension.swift */; };
		57F3A5CE1C23EB0800E05EEA /* IsoConfig.plist in Resources */ = {isa = PBXBuildFile; fileRef = 57F3A5CD1C23EB0800E05EEA /* IsoConfig.plist */; };
/* End PBXBuildFile section */

/* Begin PBXContainerItemProxy section */
		577563B11C1FC076006B60ED /* PBXContainerItemProxy */ = {
			isa = PBXContainerItemProxy;
			containerPortal = 577563941C1FC076006B60ED /* Project object */;
			proxyType = 1;
			remoteGlobalIDString = 5775639B1C1FC076006B60ED;
			remoteInfo = SwiftPOS;
		};
		577563BC1C1FC077006B60ED /* PBXContainerItemProxy */ = {
			isa = PBXContainerItemProxy;
			containerPortal = 577563941C1FC076006B60ED /* Project object */;
			proxyType = 1;
			remoteGlobalIDString = 5775639B1C1FC076006B60ED;
			remoteInfo = SwiftPOS;
		};
/* End PBXContainerItemProxy section */

/* Begin PBXFileReference section */
		5719C3C01C2796D700887F76 /* NSObjectPropertyExtension.swift */ = {isa = PBXFileReference; fileEncoding = 4; lastKnownFileType = sourcecode.swift; path = NSObjectPropertyExtension.swift; sourceTree = "<group>"; };
		572DE4241C228CCA0065AD11 /* Pos8583Factory.swift */ = {isa = PBXFileReference; fileEncoding = 4; lastKnownFileType = sourcecode.swift; path = Pos8583Factory.swift; sourceTree = "<group>"; };
		572DE4261C22909A0065AD11 /* StringPropertyExtension.swift */ = {isa = PBXFileReference; fileEncoding = 4; lastKnownFileType = sourcecode.swift; path = StringPropertyExtension.swift; sourceTree = "<group>"; };
		572DE42A1C22AA5B0065AD11 /* POSMessage.swift */ = {isa = PBXFileReference; fileEncoding = 4; lastKnownFileType = sourcecode.swift; path = POSMessage.swift; sourceTree = "<group>"; };
		5775639C1C1FC076006B60ED /* SwiftPOS.app */ = {isa = PBXFileReference; explicitFileType = wrapper.application; includeInIndex = 0; path = SwiftPOS.app; sourceTree = BUILT_PRODUCTS_DIR; };
		5775639F1C1FC076006B60ED /* AppDelegate.swift */ = {isa = PBXFileReference; lastKnownFileType = sourcecode.swift; path = AppDelegate.swift; sourceTree = "<group>"; };
		577563A11C1FC076006B60ED /* ViewController.swift */ = {isa = PBXFileReference; lastKnownFileType = sourcecode.swift; path = ViewController.swift; sourceTree = "<group>"; };
		577563A41C1FC076006B60ED /* Base */ = {isa = PBXFileReference; lastKnownFileType = file.storyboard; name = Base; path = Base.lproj/Main.storyboard; sourceTree = "<group>"; };
		577563A61C1FC076006B60ED /* Assets.xcassets */ = {isa = PBXFileReference; lastKnownFileType = folder.assetcatalog; path = Assets.xcassets; sourceTree = "<group>"; };
		577563A91C1FC076006B60ED /* Base */ = {isa = PBXFileReference; lastKnownFileType = file.storyboard; name = Base; path = Base.lproj/LaunchScreen.storyboard; sourceTree = "<group>"; };
		577563AB1C1FC076006B60ED /* Info.plist */ = {isa = PBXFileReference; lastKnownFileType = text.plist.xml; path = Info.plist; sourceTree = "<group>"; };
		577563B01C1FC076006B60ED /* SwiftPOSTests.xctest */ = {isa = PBXFileReference; explicitFileType = wrapper.cfbundle; includeInIndex = 0; path = SwiftPOSTests.xctest; sourceTree = BUILT_PRODUCTS_DIR; };
		577563B41C1FC076006B60ED /* SwiftPOSTests.swift */ = {isa = PBXFileReference; lastKnownFileType = sourcecode.swift; path = SwiftPOSTests.swift; sourceTree = "<group>"; };
		577563B61C1FC076006B60ED /* Info.plist */ = {isa = PBXFileReference; lastKnownFileType = text.plist.xml; path = Info.plist; sourceTree = "<group>"; };
		577563BB1C1FC077006B60ED /* SwiftPOSUITests.xctest */ = {isa = PBXFileReference; explicitFileType = wrapper.cfbundle; includeInIndex = 0; path = SwiftPOSUITests.xctest; sourceTree = BUILT_PRODUCTS_DIR; };
		577563BF1C1FC077006B60ED /* SwiftPOSUITests.swift */ = {isa = PBXFileReference; lastKnownFileType = sourcecode.swift; path = SwiftPOSUITests.swift; sourceTree = "<group>"; };
		577563C11C1FC077006B60ED /* Info.plist */ = {isa = PBXFileReference; lastKnownFileType = text.plist.xml; path = Info.plist; sourceTree = "<group>"; };
		57A60BB41C2111DE003092D8 /* StringPosUtilTransExtension.swift */ = {isa = PBXFileReference; fileEncoding = 4; lastKnownFileType = sourcecode.swift; path = StringPosUtilTransExtension.swift; sourceTree = "<group>"; };
		57F3A5CD1C23EB0800E05EEA /* IsoConfig.plist */ = {isa = PBXFileReference; fileEncoding = 4; lastKnownFileType = text.plist.xml; path = IsoConfig.plist; sourceTree = "<group>"; };
/* End PBXFileReference section */

/* Begin PBXFrameworksBuildPhase section */
		577563991C1FC076006B60ED /* Frameworks */ = {
			isa = PBXFrameworksBuildPhase;
			buildActionMask = 2147483647;
			files = (
			);
			runOnlyForDeploymentPostprocessing = 0;
		};
		577563AD1C1FC076006B60ED /* Frameworks */ = {
			isa = PBXFrameworksBuildPhase;
			buildActionMask = 2147483647;
			files = (
			);
			runOnlyForDeploymentPostprocessing = 0;
		};
		577563B81C1FC077006B60ED /* Frameworks */ = {
			isa = PBXFrameworksBuildPhase;
			buildActionMask = 2147483647;
			files = (
			);
			runOnlyForDeploymentPostprocessing = 0;
		};
/* End PBXFrameworksBuildPhase section */

/* Begin PBXGroup section */
		5719C3C21C294E2400887F76 /* POS */ = {
			isa = PBXGroup;
			children = (
				57F3A5CD1C23EB0800E05EEA /* IsoConfig.plist */,
				57A60BB41C2111DE003092D8 /* StringPosUtilTransExtension.swift */,
				572DE4241C228CCA0065AD11 /* Pos8583Factory.swift */,
				572DE4261C22909A0065AD11 /* StringPropertyExtension.swift */,
				572DE42A1C22AA5B0065AD11 /* POSMessage.swift */,
				5719C3C01C2796D700887F76 /* NSObjectPropertyExtension.swift */,
			);
			name = POS;
			sourceTree = "<group>";
		};
		577563931C1FC076006B60ED = {
			isa = PBXGroup;
			children = (
				5775639E1C1FC076006B60ED /* SwiftPOS */,
				577563B31C1FC076006B60ED /* SwiftPOSTests */,
				577563BE1C1FC077006B60ED /* SwiftPOSUITests */,
				5775639D1C1FC076006B60ED /* Products */,
			);
			sourceTree = "<group>";
		};
		5775639D1C1FC076006B60ED /* Products */ = {
			isa = PBXGroup;
			children = (
				5775639C1C1FC076006B60ED /* SwiftPOS.app */,
				577563B01C1FC076006B60ED /* SwiftPOSTests.xctest */,
				577563BB1C1FC077006B60ED /* SwiftPOSUITests.xctest */,
			);
			name = Products;
			sourceTree = "<group>";
		};
		5775639E1C1FC076006B60ED /* SwiftPOS */ = {
			isa = PBXGroup;
			children = (
				5719C3C21C294E2400887F76 /* POS */,
				5775639F1C1FC076006B60ED /* AppDelegate.swift */,
				577563A11C1FC076006B60ED /* ViewController.swift */,
				577563A31C1FC076006B60ED /* Main.storyboard */,
				577563A61C1FC076006B60ED /* Assets.xcassets */,
				577563A81C1FC076006B60ED /* LaunchScreen.storyboard */,
				577563AB1C1FC076006B60ED /* Info.plist */,
			);
			path = SwiftPOS;
			sourceTree = "<group>";
		};
		577563B31C1FC076006B60ED /* SwiftPOSTests */ = {
			isa = PBXGroup;
			children = (
				577563B41C1FC076006B60ED /* SwiftPOSTests.swift */,
				577563B61C1FC076006B60ED /* Info.plist */,
			);
			path = SwiftPOSTests;
			sourceTree = "<group>";
		};
		577563BE1C1FC077006B60ED /* SwiftPOSUITests */ = {
			isa = PBXGroup;
			children = (
				577563BF1C1FC077006B60ED /* SwiftPOSUITests.swift */,
				577563C11C1FC077006B60ED /* Info.plist */,
			);
			path = SwiftPOSUITests;
			sourceTree = "<group>";
		};
/* End PBXGroup section */

/* Begin PBXNativeTarget section */
		5775639B1C1FC076006B60ED /* SwiftPOS */ = {
			isa = PBXNativeTarget;
			buildConfigurationList = 577563C41C1FC077006B60ED /* Build configuration list for PBXNativeTarget "SwiftPOS" */;
			buildPhases = (
				577563981C1FC076006B60ED /* Sources */,
				577563991C1FC076006B60ED /* Frameworks */,
				5775639A1C1FC076006B60ED /* Resources */,
			);
			buildRules = (
			);
			dependencies = (
			);
			name = SwiftPOS;
			productName = SwiftPOS;
			productReference = 5775639C1C1FC076006B60ED /* SwiftPOS.app */;
			productType = "com.apple.product-type.application";
		};
		577563AF1C1FC076006B60ED /* SwiftPOSTests */ = {
			isa = PBXNativeTarget;
			buildConfigurationList = 577563C71C1FC077006B60ED /* Build configuration list for PBXNativeTarget "SwiftPOSTests" */;
			buildPhases = (
				577563AC1C1FC076006B60ED /* Sources */,
				577563AD1C1FC076006B60ED /* Frameworks */,
				577563AE1C1FC076006B60ED /* Resources */,
			);
			buildRules = (
			);
			dependencies = (
				577563B21C1FC076006B60ED /* PBXTargetDependency */,
			);
			name = SwiftPOSTests;
			productName = SwiftPOSTests;
			productReference = 577563B01C1FC076006B60ED /* SwiftPOSTests.xctest */;
			productType = "com.apple.product-type.bundle.unit-test";
		};
		577563BA1C1FC077006B60ED /* SwiftPOSUITests */ = {
			isa = PBXNativeTarget;
			buildConfigurationList = 577563CA1C1FC077006B60ED /* Build configuration list for PBXNativeTarget "SwiftPOSUITests" */;
			buildPhases = (
				577563B71C1FC077006B60ED /* Sources */,
				577563B81C1FC077006B60ED /* Frameworks */,
				577563B91C1FC077006B60ED /* Resources */,
			);
			buildRules = (
			);
			dependencies = (
				577563BD1C1FC077006B60ED /* PBXTargetDependency */,
			);
			name = SwiftPOSUITests;
			productName = SwiftPOSUITests;
			productReference = 577563BB1C1FC077006B60ED /* SwiftPOSUITests.xctest */;
			productType = "com.apple.product-type.bundle.ui-testing";
		};
/* End PBXNativeTarget section */

/* Begin PBXProject section */
		577563941C1FC076006B60ED /* Project object */ = {
			isa = PBXProject;
			attributes = {
				LastSwiftUpdateCheck = 0710;
				LastUpgradeCheck = 0710;
				ORGANIZATIONNAME = "刘通超";
				TargetAttributes = {
					5775639B1C1FC076006B60ED = {
						CreatedOnToolsVersion = 7.1.1;
					};
					577563AF1C1FC076006B60ED = {
						CreatedOnToolsVersion = 7.1.1;
						TestTargetID = 5775639B1C1FC076006B60ED;
					};
					577563BA1C1FC077006B60ED = {
						CreatedOnToolsVersion = 7.1.1;
						TestTargetID = 5775639B1C1FC076006B60ED;
					};
				};
			};
			buildConfigurationList = 577563971C1FC076006B60ED /* Build configuration list for PBXProject "SwiftPOS" */;
			compatibilityVersion = "Xcode 3.2";
			developmentRegion = English;
			hasScannedForEncodings = 0;
			knownRegions = (
				en,
				Base,
			);
			mainGroup = 577563931C1FC076006B60ED;
			productRefGroup = 5775639D1C1FC076006B60ED /* Products */;
			projectDirPath = "";
			projectRoot = "";
			targets = (
				5775639B1C1FC076006B60ED /* SwiftPOS */,
				577563AF1C1FC076006B60ED /* SwiftPOSTests */,
				577563BA1C1FC077006B60ED /* SwiftPOSUITests */,
			);
		};
/* End PBXProject section */

/* Begin PBXResourcesBuildPhase section */
		5775639A1C1FC076006B60ED /* Resources */ = {
			isa = PBXResourcesBuildPhase;
			buildActionMask = 2147483647;
			files = (
				577563AA1C1FC076006B60ED /* LaunchScreen.storyboard in Resources */,
				577563A71C1FC076006B60ED /* Assets.xcassets in Resources */,
				57F3A5CE1C23EB0800E05EEA /* IsoConfig.plist in Resources */,
				577563A51C1FC076006B60ED /* Main.storyboard in Resources */,
			);
			runOnlyForDeploymentPostprocessing = 0;
		};
		577563AE1C1FC076006B60ED /* Resources */ = {
			isa = PBXResourcesBuildPhase;
			buildActionMask = 2147483647;
			files = (
			);
			runOnlyForDeploymentPostprocessing = 0;
		};
		577563B91C1FC077006B60ED /* Resources */ = {
			isa = PBXResourcesBuildPhase;
			buildActionMask = 2147483647;
			files = (
			);
			runOnlyForDeploymentPostprocessing = 0;
		};
/* End PBXResourcesBuildPhase section */

/* Begin PBXSourcesBuildPhase section */
		577563981C1FC076006B60ED /* Sources */ = {
			isa = PBXSourcesBuildPhase;
			buildActionMask = 2147483647;
			files = (
				5719C3C11C2796D700887F76 /* NSObjectPropertyExtension.swift in Sources */,
				57A60BB51C2111DE003092D8 /* StringPosUtilTransExtension.swift in Sources */,
				572DE4251C228CCA0065AD11 /* Pos8583Factory.swift in Sources */,
				572DE42B1C22AA5B0065AD11 /* POSMessage.swift in Sources */,
				577563A21C1FC076006B60ED /* ViewController.swift in Sources */,
				572DE4271C22909A0065AD11 /* StringPropertyExtension.swift in Sources */,
				577563A01C1FC076006B60ED /* AppDelegate.swift in Sources */,
			);
			runOnlyForDeploymentPostprocessing = 0;
		};
		577563AC1C1FC076006B60ED /* Sources */ = {
			isa = PBXSourcesBuildPhase;
			buildActionMask = 2147483647;
			files = (
				577563B51C1FC076006B60ED /* SwiftPOSTests.swift in Sources */,
			);
			runOnlyForDeploymentPostprocessing = 0;
		};
		577563B71C1FC077006B60ED /* Sources */ = {
			isa = PBXSourcesBuildPhase;
			buildActionMask = 2147483647;
			files = (
				577563C01C1FC077006B60ED /* SwiftPOSUITests.swift in Sources */,
			);
			runOnlyForDeploymentPostprocessing = 0;
		};
/* End PBXSourcesBuildPhase section */

/* Begin PBXTargetDependency section */
		577563B21C1FC076006B60ED /* PBXTargetDependency */ = {
			isa = PBXTargetDependency;
			target = 5775639B1C1FC076006B60ED /* SwiftPOS */;
			targetProxy = 577563B11C1FC076006B60ED /* PBXContainerItemProxy */;
		};
		577563BD1C1FC077006B60ED /* PBXTargetDependency */ = {
			isa = PBXTargetDependency;
			target = 5775639B1C1FC076006B60ED /* SwiftPOS */;
			targetProxy = 577563BC1C1FC077006B60ED /* PBXContainerItemProxy */;
		};
/* End PBXTargetDependency section */

/* Begin PBXVariantGroup section */
		577563A31C1FC076006B60ED /* Main.storyboard */ = {
			isa = PBXVariantGroup;
			children = (
				577563A41C1FC076006B60ED /* Base */,
			);
			name = Main.storyboard;
			sourceTree = "<group>";
		};
		577563A81C1FC076006B60ED /* LaunchScreen.storyboard */ = {
			isa = PBXVariantGroup;
			children = (
				577563A91C1FC076006B60ED /* Base */,
			);
			name = LaunchScreen.storyboard;
			sourceTree = "<group>";
		};
/* End PBXVariantGroup section */

/* Begin XCBuildConfiguration section */
		577563C21C1FC077006B60ED /* Debug */ = {
			isa = XCBuildConfiguration;
			buildSettings = {
				ALWAYS_SEARCH_USER_PATHS = NO;
				CLANG_CXX_LANGUAGE_STANDARD = "gnu++0x";
				CLANG_CXX_LIBRARY = "libc++";
				CLANG_ENABLE_MODULES = YES;
				CLANG_ENABLE_OBJC_ARC = YES;
				CLANG_WARN_BOOL_CONVERSION = YES;
				CLANG_WARN_CONSTANT_CONVERSION = YES;
				CLANG_WARN_DIRECT_OBJC_ISA_USAGE = YES_ERROR;
				CLANG_WARN_EMPTY_BODY = YES;
				CLANG_WARN_ENUM_CONVERSION = YES;
				CLANG_WARN_INT_CONVERSION = YES;
				CLANG_WARN_OBJC_ROOT_CLASS = YES_ERROR;
				CLANG_WARN_UNREACHABLE_CODE = YES;
				CLANG_WARN__DUPLICATE_METHOD_MATCH = YES;
				"CODE_SIGN_IDENTITY[sdk=iphoneos*]" = "iPhone Developer";
				COPY_PHASE_STRIP = NO;
				DEBUG_INFORMATION_FORMAT = dwarf;
				ENABLE_STRICT_OBJC_MSGSEND = YES;
				ENABLE_TESTABILITY = YES;
				GCC_C_LANGUAGE_STANDARD = gnu99;
				GCC_DYNAMIC_NO_PIC = NO;
				GCC_NO_COMMON_BLOCKS = YES;
				GCC_OPTIMIZATION_LEVEL = 0;
				GCC_PREPROCESSOR_DEFINITIONS = (
					"DEBUG=1",
					"$(inherited)",
				);
				GCC_WARN_64_TO_32_BIT_CONVERSION = YES;
				GCC_WARN_ABOUT_RETURN_TYPE = YES_ERROR;
				GCC_WARN_UNDECLARED_SELECTOR = YES;
				GCC_WARN_UNINITIALIZED_AUTOS = YES_AGGRESSIVE;
				GCC_WARN_UNUSED_FUNCTION = YES;
				GCC_WARN_UNUSED_VARIABLE = YES;
				IPHONEOS_DEPLOYMENT_TARGET = 9.1;
				MTL_ENABLE_DEBUG_INFO = YES;
				ONLY_ACTIVE_ARCH = YES;
				SDKROOT = iphoneos;
				SWIFT_OPTIMIZATION_LEVEL = "-Onone";
			};
			name = Debug;
		};
		577563C31C1FC077006B60ED /* Release */ = {
			isa = XCBuildConfiguration;
			buildSettings = {
				ALWAYS_SEARCH_USER_PATHS = NO;
				CLANG_CXX_LANGUAGE_STANDARD = "gnu++0x";
				CLANG_CXX_LIBRARY = "libc++";
				CLANG_ENABLE_MODULES = YES;
				CLANG_ENABLE_OBJC_ARC = YES;
				CLANG_WARN_BOOL_CONVERSION = YES;
				CLANG_WARN_CONSTANT_CONVERSION = YES;
				CLANG_WARN_DIRECT_OBJC_ISA_USAGE = YES_ERROR;
				CLANG_WARN_EMPTY_BODY = YES;
				CLANG_WARN_ENUM_CONVERSION = YES;
				CLANG_WARN_INT_CONVERSION = YES;
				CLANG_WARN_OBJC_ROOT_CLASS = YES_ERROR;
				CLANG_WARN_UNREACHABLE_CODE = YES;
				CLANG_WARN__DUPLICATE_METHOD_MATCH = YES;
				"CODE_SIGN_IDENTITY[sdk=iphoneos*]" = "iPhone Developer";
				COPY_PHASE_STRIP = NO;
				DEBUG_INFORMATION_FORMAT = "dwarf-with-dsym";
				ENABLE_NS_ASSERTIONS = NO;
				ENABLE_STRICT_OBJC_MSGSEND = YES;
				GCC_C_LANGUAGE_STANDARD = gnu99;
				GCC_NO_COMMON_BLOCKS = YES;
				GCC_WARN_64_TO_32_BIT_CONVERSION = YES;
				GCC_WARN_ABOUT_RETURN_TYPE = YES_ERROR;
				GCC_WARN_UNDECLARED_SELECTOR = YES;
				GCC_WARN_UNINITIALIZED_AUTOS = YES_AGGRESSIVE;
				GCC_WARN_UNUSED_FUNCTION = YES;
				GCC_WARN_UNUSED_VARIABLE = YES;
				IPHONEOS_DEPLOYMENT_TARGET = 9.1;
				MTL_ENABLE_DEBUG_INFO = NO;
				SDKROOT = iphoneos;
				VALIDATE_PRODUCT = YES;
			};
			name = Release;
		};
		577563C51C1FC077006B60ED /* Debug */ = {
			isa = XCBuildConfiguration;
			buildSettings = {
				ASSETCATALOG_COMPILER_APPICON_NAME = AppIcon;
				INFOPLIST_FILE = SwiftPOS/Info.plist;
				LD_RUNPATH_SEARCH_PATHS = "$(inherited) @executable_path/Frameworks";
				PRODUCT_BUNDLE_IDENTIFIER = LC.SwiftPOS;
				PRODUCT_NAME = "$(TARGET_NAME)";
			};
			name = Debug;
		};
		577563C61C1FC077006B60ED /* Release */ = {
			isa = XCBuildConfiguration;
			buildSettings = {
				ASSETCATALOG_COMPILER_APPICON_NAME = AppIcon;
				INFOPLIST_FILE = SwiftPOS/Info.plist;
				LD_RUNPATH_SEARCH_PATHS = "$(inherited) @executable_path/Frameworks";
				PRODUCT_BUNDLE_IDENTIFIER = LC.SwiftPOS;
				PRODUCT_NAME = "$(TARGET_NAME)";
			};
			name = Release;
		};
		577563C81C1FC077006B60ED /* Debug */ = {
			isa = XCBuildConfiguration;
			buildSettings = {
				BUNDLE_LOADER = "$(TEST_HOST)";
				INFOPLIST_FILE = SwiftPOSTests/Info.plist;
				LD_RUNPATH_SEARCH_PATHS = "$(inherited) @executable_path/Frameworks @loader_path/Frameworks";
				PRODUCT_BUNDLE_IDENTIFIER = LC.SwiftPOSTests;
				PRODUCT_NAME = "$(TARGET_NAME)";
				TEST_HOST = "$(BUILT_PRODUCTS_DIR)/SwiftPOS.app/SwiftPOS";
			};
			name = Debug;
		};
		577563C91C1FC077006B60ED /* Release */ = {
			isa = XCBuildConfiguration;
			buildSettings = {
				BUNDLE_LOADER = "$(TEST_HOST)";
				INFOPLIST_FILE = SwiftPOSTests/Info.plist;
				LD_RUNPATH_SEARCH_PATHS = "$(inherited) @executable_path/Frameworks @loader_path/Frameworks";
				PRODUCT_BUNDLE_IDENTIFIER = LC.SwiftPOSTests;
				PRODUCT_NAME = "$(TARGET_NAME)";
				TEST_HOST = "$(BUILT_PRODUCTS_DIR)/SwiftPOS.app/SwiftPOS";
			};
			name = Release;
		};
		577563CB1C1FC077006B60ED /* Debug */ = {
			isa = XCBuildConfiguration;
			buildSettings = {
				INFOPLIST_FILE = SwiftPOSUITests/Info.plist;
				LD_RUNPATH_SEARCH_PATHS = "$(inherited) @executable_path/Frameworks @loader_path/Frameworks";
				PRODUCT_BUNDLE_IDENTIFIER = LC.SwiftPOSUITests;
				PRODUCT_NAME = "$(TARGET_NAME)";
				TEST_TARGET_NAME = SwiftPOS;
				USES_XCTRUNNER = YES;
			};
			name = Debug;
		};
		577563CC1C1FC077006B60ED /* Release */ = {
			isa = XCBuildConfiguration;
			buildSettings = {
				INFOPLIST_FILE = SwiftPOSUITests/Info.plist;
				LD_RUNPATH_SEARCH_PATHS = "$(inherited) @executable_path/Frameworks @loader_path/Frameworks";
				PRODUCT_BUNDLE_IDENTIFIER = LC.SwiftPOSUITests;
				PRODUCT_NAME = "$(TARGET_NAME)";
				TEST_TARGET_NAME = SwiftPOS;
				USES_XCTRUNNER = YES;
			};
			name = Release;
		};
/* End XCBuildConfiguration section */

/* Begin XCConfigurationList section */
		577563971C1FC076006B60ED /* Build configuration list for PBXProject "SwiftPOS" */ = {
			isa = XCConfigurationList;
			buildConfigurations = (
				577563C21C1FC077006B60ED /* Debug */,
				577563C31C1FC077006B60ED /* Release */,
			);
			defaultConfigurationIsVisible = 0;
			defaultConfigurationName = Release;
		};
		577563C41C1FC077006B60ED /* Build configuration list for PBXNativeTarget "SwiftPOS" */ = {
			isa = XCConfigurationList;
			buildConfigurations = (
				577563C51C1FC077006B60ED /* Debug */,
				577563C61C1FC077006B60ED /* Release */,
			);
			defaultConfigurationIsVisible = 0;
			defaultConfigurationName = Release;
		};
		577563C71C1FC077006B60ED /* Build configuration list for PBXNativeTarget "SwiftPOSTests" */ = {
			isa = XCConfigurationList;
			buildConfigurations = (
				577563C81C1FC077006B60ED /* Debug */,
				577563C91C1FC077006B60ED /* Release */,
			);
			defaultConfigurationIsVisible = 0;
			defaultConfigurationName = Release;
		};
		577563CA1C1FC077006B60ED /* Build configuration list for PBXNativeTarget "SwiftPOSUITests" */ = {
			isa = XCConfigurationList;
			buildConfigurations = (
				577563CB1C1FC077006B60ED /* Debug */,
				577563CC1C1FC077006B60ED /* Release */,
			);
			defaultConfigurationIsVisible = 0;
			defaultConfigurationName = Release;
		};
/* End XCConfigurationList section */
	};
	rootObject = 577563941C1FC076006B60ED /* Project object */;
}
